{
	"name": "uni-admin 基础框架（原名 uniCloud admin）",
	"version": "2.3.7",
	"lockfileVersion": 1,
	"requires": true,
	"dependencies": {
		"@babel/runtime": {
			"version": "7.22.3",
			"resolved": "https://registry.npmmirror.com/@babel/runtime/-/runtime-7.22.3.tgz",
			"integrity": "sha512-XsDuspWKLUsxwCp6r7EhsExHtYfbe5oAGQ19kqngTdCPUoPQzOPdUbD/pB9PJiwb2ptYKQDjSJT3R6dC+EPqfQ==",
			"requires": {
				"regenerator-runtime": "^0.13.11"
			}
		},
		"@babel/runtime-corejs3": {
			"version": "7.22.3",
			"resolved": "https://registry.npmmirror.com/@babel/runtime-corejs3/-/runtime-corejs3-7.22.3.tgz",
			"integrity": "sha512-6bdmknScYKmt8I9VjsJuKKGr+TwUb555FTf6tT1P/ANlCjTHCiYLhiQ4X/O7J731w5NOqu8c1aYHEVuOwPz7jA==",
			"requires": {
				"core-js-pure": "^3.30.2",
				"regenerator-runtime": "^0.13.11"
			}
		},
		"core-js-pure": {
			"version": "3.30.2",
			"resolved": "https://registry.npmmirror.com/core-js-pure/-/core-js-pure-3.30.2.tgz",
			"integrity": "sha512-p/npFUJXXBkCCTIlEGBdghofn00jWG6ZOtdoIXSJmAu2QBvN0IqpZXWweOytcwE6cfx8ZvVUy1vw8zxhe4Y2vg=="
		},
		"regenerator-runtime": {
			"version": "0.13.11",
			"resolved": "https://registry.npmmirror.com/regenerator-runtime/-/regenerator-runtime-0.13.11.tgz",
			"integrity": "sha512-kY1AZVr2Ra+t+piVaJ4gxaFaReZVH40AKNo7UCX6W+dEwBo/2oZJzqfuN1qLq1oL45o56cPaTXELwrTh8Fpggg=="
		},
		"tslib": {
			"version": "2.5.3",
			"resolved": "https://registry.npmmirror.com/tslib/-/tslib-2.5.3.tgz",
			"integrity": "sha512-mSxlJJwl3BMEQCUNnxXBU9jP4JBktcEGhURcPR6VQVlnP0FdDEsIaz0C35dXNGLyRfrATNofF0F5p2KPxQgB+w=="
		},
		"wangeditor": {
			"version": "4.7.15",
			"resolved": "https://registry.npmmirror.com/wangeditor/-/wangeditor-4.7.15.tgz",
			"integrity": "sha512-aPTdREd8BxXVyJ5MI+LU83FQ7u1EPd341iXIorRNYSOvoimNoZ4nPg+yn3FGbB93/owEa6buLw8wdhYnMCJQLg==",
			"requires": {
				"@babel/runtime": "^7.11.2",
				"@babel/runtime-corejs3": "^7.11.2",
				"tslib": "^2.1.0"
			}
		}
	}
}
